Microsoft Visual Studio Solution File, Format Version 11.00
# Visual Studio 2008

Project("{0285F1B4-999C-E0CC-1697-4E2AE8C9121B}") = "net.kibotu.sandbox.unity.assets", "Assembly-CSharp-firstpass.csproj", "{2F62C0F7-FCB1-5430-BC82-D7616FD2968F}"
EndProject
Project("{0285F1B4-999C-E0CC-1697-4E2AE8C9121B}") = "net.kibotu.sandbox.unity.assets", "Assembly-CSharp.csproj", "{B369E38E-F548-0B01-A86E-1D6195E62A02}"
EndProject
Project("{0285F1B4-999C-E0CC-1697-4E2AE8C9121B}") = "net.kibotu.sandbox.unity.assets", "Assembly-CSharp-Editor.csproj", "{0658A705-681F-03B2-BF9E-7ABD228EE6DE}"
EndProject
Project("{0285F1B4-999C-E0CC-1697-4E2AE8C9121B}") = "net.kibotu.sandbox.unity.assets", "Assembly-UnityScript-firstpass.unityproj", "{693C90C0-4566-0CC3-8B1F-E434578322D2}"
EndProject
Project("{0285F1B4-999C-E0CC-1697-4E2AE8C9121B}") = "net.kibotu.sandbox.unity.assets", "Assembly-UnityScript.unityproj", "{63847611-2E33-15D5-91F2-6768F5AE6ED5}"
EndProject
Global
	GlobalSection(SolutionConfigurationPlatforms) = preSolution
		Debug|Any CPU = Debug|Any CPU
		Release|Any CPU = Release|Any CPU
	EndGlobalSection
	GlobalSection(ProjectConfigurationPlatforms) = postSolution
		{2F62C0F7-FCB1-5430-BC82-D7616FD2968F}.Debug|Any CPU.ActiveCfg = Debug|Any CPU
		{2F62C0F7-FCB1-5430-BC82-D7616FD2968F}.Debug|Any CPU.Build.0 = Debug|Any CPU
		{2F62C0F7-FCB1-5430-BC82-D7616FD2968F}.Release|Any CPU.ActiveCfg = Release|Any CPU
		{2F62C0F7-FCB1-5430-BC82-D7616FD2968F}.Release|Any CPU.Build.0 = Release|Any CPU
		{B369E38E-F548-0B01-A86E-1D6195E62A02}.Debug|Any CPU.ActiveCfg = Debug|Any CPU
		{B369E38E-F548-0B01-A86E-1D6195E62A02}.Debug|Any CPU.Build.0 = Debug|Any CPU
		{B369E38E-F548-0B01-A86E-1D6195E62A02}.Release|Any CPU.ActiveCfg = Release|Any CPU
		{B369E38E-F548-0B01-A86E-1D6195E62A02}.Release|Any CPU.Build.0 = Release|Any CPU
		{0658A705-681F-03B2-BF9E-7ABD228EE6DE}.Debug|Any CPU.ActiveCfg = Debug|Any CPU
		{0658A705-681F-03B2-BF9E-7ABD228EE6DE}.Debug|Any CPU.Build.0 = Debug|Any CPU
		{0658A705-681F-03B2-BF9E-7ABD228EE6DE}.Release|Any CPU.ActiveCfg = Release|Any CPU
		{0658A705-681F-03B2-BF9E-7ABD228EE6DE}.Release|Any CPU.Build.0 = Release|Any CPU
		{693C90C0-4566-0CC3-8B1F-E434578322D2}.Debug|Any CPU.ActiveCfg = Debug|Any CPU
		{693C90C0-4566-0CC3-8B1F-E434578322D2}.Debug|Any CPU.Build.0 = Debug|Any CPU
		{693C90C0-4566-0CC3-8B1F-E434578322D2}.Release|Any CPU.ActiveCfg = Release|Any CPU
		{693C90C0-4566-0CC3-8B1F-E434578322D2}.Release|Any CPU.Build.0 = Release|Any CPU
		{63847611-2E33-15D5-91F2-6768F5AE6ED5}.Debug|Any CPU.ActiveCfg = Debug|Any CPU
		{63847611-2E33-15D5-91F2-6768F5AE6ED5}.Debug|Any CPU.Build.0 = Debug|Any CPU
		{63847611-2E33-15D5-91F2-6768F5AE6ED5}.Release|Any CPU.ActiveCfg = Release|Any CPU
		{63847611-2E33-15D5-91F2-6768F5AE6ED5}.Release|Any CPU.Build.0 = Release|Any CPU
	EndGlobalSection
	GlobalSection(SolutionProperties) = preSolution
		HideSolutionNode = FALSE
	EndGlobalSection
																																			GlobalSection(MonoDevelopProperties) = preSolution
		StartupItem = Assembly-CSharp.csproj
		Policies = $0
		$0.TextStylePolicy = $1
		$1.inheritsSet = null
		$1.scope = text/x-csharp
		$0.CSharpFormattingPolicy = $2
		$2.inheritsSet = Mono
		$2.inheritsScope = text/x-csharp
		$2.scope = text/x-csharp
		$0.TextStylePolicy = $3
		$3.FileWidth = 120
		$3.TabWidth = 4
		$3.EolMarker = Unix
		$3.inheritsSet = Mono
		$3.inheritsScope = text/plain
		$3.scope = text/plain
	EndGlobalSection

EndGlobal
